// !$*UTF8*$!
{
	archiveVersion = 1;
	classes = {
	};
	objectVersion = 48;
	objects = {

/* Begin PBXBuildFile section */
		201569BEA72311D8E8F0AFD1 /* Pods_MediaMonksExercice.framework in Frameworks */ = {isa = PBXBuildFile; fileRef = 14EC7CCFC2BA8E93EE49345C /* Pods_MediaMonksExercice.framework */; };
		472EF35A2034AD9B00098B0E /* Assets.xcassets in Resources */ = {isa = PBXBuildFile; fileRef = 472EF3462034AD9B00098B0E /* Assets.xcassets */; };
		472EF35C2034AD9B00098B0E /* AppDelegate.swift in Sources */ = {isa = PBXBuildFile; fileRef = 472EF34A2034AD9B00098B0E /* AppDelegate.swift */; };
		472EF3682034B86800098B0E /* RequestProtocol.swift in Sources */ = {isa = PBXBuildFile; fileRef = 472EF3672034B86800098B0E /* RequestProtocol.swift */; };
		472EF36A2034B89B00098B0E /* DataError.swift in Sources */ = {isa = PBXBuildFile; fileRef = 472EF3692034B89B00098B0E /* DataError.swift */; };
		472EF36C2034B8BD00098B0E /* Response+MapModel.swift in Sources */ = {isa = PBXBuildFile; fileRef = 472EF36B2034B8BD00098B0E /* Response+MapModel.swift */; };
		472EF36E2034BAB100098B0E /* Environment.swift in Sources */ = {isa = PBXBuildFile; fileRef = 472EF36D2034BAB100098B0E /* Environment.swift */; };
		472EF3702034BBC800098B0E /* TargetType+Environment.swift in Sources */ = {isa = PBXBuildFile; fileRef = 472EF36F2034BBC800098B0E /* TargetType+Environment.swift */; };
		472EF3722034BE1200098B0E /* RequestProvider.swift in Sources */ = {isa = PBXBuildFile; fileRef = 472EF3712034BE1200098B0E /* RequestProvider.swift */; };
		472EF3752034C71700098B0E /* Album.swift in Sources */ = {isa = PBXBuildFile; fileRef = 472EF3742034C71700098B0E /* Album.swift */; };
		472EF3772034C79F00098B0E /* Photo.swift in Sources */ = {isa = PBXBuildFile; fileRef = 472EF3762034C79F00098B0E /* Photo.swift */; };
		474A9AFB2035185700080371 /* Error.swift in Sources */ = {isa = PBXBuildFile; fileRef = 474A9AFA2035185700080371 /* Error.swift */; };
		47717EB62034AC1A00262C9F /* MediaMonksExerciceTests.swift in Sources */ = {isa = PBXBuildFile; fileRef = 47717EB52034AC1A00262C9F /* MediaMonksExerciceTests.swift */; };
		47786503203607ED00D574D4 /* LaunchScreen.storyboard in Resources */ = {isa = PBXBuildFile; fileRef = 47786501203607ED00D574D4 /* LaunchScreen.storyboard */; };
		47D017E42035001B00FFDADB /* AlbumViewModel.swift in Sources */ = {isa = PBXBuildFile; fileRef = 47D017D12035001B00FFDADB /* AlbumViewModel.swift */; };
		47D017E52035001B00FFDADB /* AlbumTargetType.swift in Sources */ = {isa = PBXBuildFile; fileRef = 47D017D32035001B00FFDADB /* AlbumTargetType.swift */; };
		47D017E62035001B00FFDADB /* AlbumViewController.swift in Sources */ = {isa = PBXBuildFile; fileRef = 47D017D52035001B00FFDADB /* AlbumViewController.swift */; };
		47D017E72035001B00FFDADB /* Album.storyboard in Resources */ = {isa = PBXBuildFile; fileRef = 47D017D72035001B00FFDADB /* Album.storyboard */; };
		47D017E82035001B00FFDADB /* PhotoListViewModel.swift in Sources */ = {isa = PBXBuildFile; fileRef = 47D017DA2035001B00FFDADB /* PhotoListViewModel.swift */; };
		47D017E92035001B00FFDADB /* PhotoCellViewModel.swift in Sources */ = {isa = PBXBuildFile; fileRef = 47D017DB2035001B00FFDADB /* PhotoCellViewModel.swift */; };
		47D017EA2035001B00FFDADB /* PhotoListTargetType.swift in Sources */ = {isa = PBXBuildFile; fileRef = 47D017DD2035001B00FFDADB /* PhotoListTargetType.swift */; };
		47D017EB2035001B00FFDADB /* PhotoListViewController.swift in Sources */ = {isa = PBXBuildFile; fileRef = 47D017DF2035001B00FFDADB /* PhotoListViewController.swift */; };
		47D017EC2035001B00FFDADB /* PhotoTableViewCell.swift in Sources */ = {isa = PBXBuildFile; fileRef = 47D017E22035001B00FFDADB /* PhotoTableViewCell.swift */; };
		47D017ED2035001B00FFDADB /* Photo.storyboard in Resources */ = {isa = PBXBuildFile; fileRef = 47D017E32035001B00FFDADB /* Photo.storyboard */; };
		47D017EF203501E100FFDADB /* PhotoDetailViewController.swift in Sources */ = {isa = PBXBuildFile; fileRef = 47D017EE203501E100FFDADB /* PhotoDetailViewController.swift */; };
		47D017F1203501F900FFDADB /* PhotoDatailViewModel.swift in Sources */ = {isa = PBXBuildFile; fileRef = 47D017F0203501F900FFDADB /* PhotoDatailViewModel.swift */; };
		47D017F52035061A00FFDADB /* NibLoadable.swift in Sources */ = {isa = PBXBuildFile; fileRef = 47D017F42035061A00FFDADB /* NibLoadable.swift */; };
		47D017F72035064F00FFDADB /* ImageView+Load.swift in Sources */ = {isa = PBXBuildFile; fileRef = 47D017F62035064F00FFDADB /* ImageView+Load.swift */; };
		A725992F0375DCC9EE001996 /* Pods_MediaMonksExerciceTests.framework in Frameworks */ = {isa = PBXBuildFile; fileRef = A3AEE6FF551442C863734F46 /* Pods_MediaMonksExerciceTests.framework */; };
/* End PBXBuildFile section */

/* Begin PBXContainerItemProxy section */
		47717EB22034AC1A00262C9F /* PBXContainerItemProxy */ = {
			isa = PBXContainerItemProxy;
			containerPortal = 47717E952034AC1A00262C9F /* Project object */;
			proxyType = 1;
			remoteGlobalIDString = 47717E9C2034AC1A00262C9F;
			remoteInfo = MediaMonksExercice;
		};
/* End PBXContainerItemProxy section */

/* Begin PBXFileReference section */
		14EC7CCFC2BA8E93EE49345C /* Pods_MediaMonksExercice.framework */ = {isa = PBXFileReference; explicitFileType = wrapper.framework; includeInIndex = 0; path = Pods_MediaMonksExercice.framework; sourceTree = BUILT_PRODUCTS_DIR; };
		4135F9A8B07BF875FC25910F /* Pods-MediaMonksExercice.debug.xcconfig */ = {isa = PBXFileReference; includeInIndex = 1; lastKnownFileType = text.xcconfig; name = "Pods-MediaMonksExercice.debug.xcconfig"; path = "Pods/Target Support Files/Pods-MediaMonksExercice/Pods-MediaMonksExercice.debug.xcconfig"; sourceTree = "<group>"; };
		472EF3462034AD9B00098B0E /* Assets.xcassets */ = {isa = PBXFileReference; lastKnownFileType = folder.assetcatalog; path = Assets.xcassets; sourceTree = "<group>"; };
		472EF3472034AD9B00098B0E /* Info.plist */ = {isa = PBXFileReference; fileEncoding = 4; lastKnownFileType = text.plist.xml; path = Info.plist; sourceTree = "<group>"; };
		472EF34A2034AD9B00098B0E /* AppDelegate.swift */ = {isa = PBXFileReference; fileEncoding = 4; lastKnownFileType = sourcecode.swift; path = AppDelegate.swift; sourceTree = "<group>"; };
		472EF3672034B86800098B0E /* RequestProtocol.swift */ = {isa = PBXFileReference; lastKnownFileType = sourcecode.swift; path = RequestProtocol.swift; sourceTree = "<group>"; };
		472EF3692034B89B00098B0E /* DataError.swift */ = {isa = PBXFileReference; lastKnownFileType = sourcecode.swift; path = DataError.swift; sourceTree = "<group>"; };
		472EF36B2034B8BD00098B0E /* Response+MapModel.swift */ = {isa = PBXFileReference; lastKnownFileType = sourcecode.swift; path = "Response+MapModel.swift"; sourceTree = "<group>"; };
		472EF36D2034BAB100098B0E /* Environment.swift */ = {isa = PBXFileReference; lastKnownFileType = sourcecode.swift; path = Environment.swift; sourceTree = "<group>"; };
		472EF36F2034BBC800098B0E /* TargetType+Environment.swift */ = {isa = PBXFileReference; lastKnownFileType = sourcecode.swift; path = "TargetType+Environment.swift"; sourceTree = "<group>"; };
		472EF3712034BE1200098B0E /* RequestProvider.swift */ = {isa = PBXFileReference; lastKnownFileType = sourcecode.swift; path = RequestProvider.swift; sourceTree = "<group>"; };
		472EF3742034C71700098B0E /* Album.swift */ = {isa = PBXFileReference; lastKnownFileType = sourcecode.swift; path = Album.swift; sourceTree = "<group>"; };
		472EF3762034C79F00098B0E /* Photo.swift */ = {isa = PBXFileReference; lastKnownFileType = sourcecode.swift; path = Photo.swift; sourceTree = "<group>"; };
		474A9AFA2035185700080371 /* Error.swift */ = {isa = PBXFileReference; lastKnownFileType = sourcecode.swift; path = Error.swift; sourceTree = "<group>"; };
		47717E9D2034AC1A00262C9F /* MediaMonksExercice.app */ = {isa = PBXFileReference; explicitFileType = wrapper.application; includeInIndex = 0; path = MediaMonksExercice.app; sourceTree = BUILT_PRODUCTS_DIR; };
		47717EB12034AC1A00262C9F /* MediaMonksExerciceTests.xctest */ = {isa = PBXFileReference; explicitFileType = wrapper.cfbundle; includeInIndex = 0; path = MediaMonksExerciceTests.xctest; sourceTree = BUILT_PRODUCTS_DIR; };
		47717EB52034AC1A00262C9F /* MediaMonksExerciceTests.swift */ = {isa = PBXFileReference; lastKnownFileType = sourcecode.swift; path = MediaMonksExerciceTests.swift; sourceTree = "<group>"; };
		47717EB72034AC1A00262C9F /* Info.plist */ = {isa = PBXFileReference; lastKnownFileType = text.plist.xml; path = Info.plist; sourceTree = "<group>"; };
		47786502203607ED00D574D4 /* Base */ = {isa = PBXFileReference; lastKnownFileType = file.storyboard; name = Base; path = Base.lproj/LaunchScreen.storyboard; sourceTree = "<group>"; };
		47D017D12035001B00FFDADB /* AlbumViewModel.swift */ = {isa = PBXFileReference; fileEncoding = 4; lastKnownFileType = sourcecode.swift; path = AlbumViewModel.swift; sourceTree = "<group>"; };
		47D017D32035001B00FFDADB /* AlbumTargetType.swift */ = {isa = PBXFileReference; fileEncoding = 4; lastKnownFileType = sourcecode.swift; path = AlbumTargetType.swift; sourceTree = "<group>"; };
		47D017D52035001B00FFDADB /* AlbumViewController.swift */ = {isa = PBXFileReference; fileEncoding = 4; lastKnownFileType = sourcecode.swift; path = AlbumViewController.swift; sourceTree = "<group>"; };
		47D017D72035001B00FFDADB /* Album.storyboard */ = {isa = PBXFileReference; fileEncoding = 4; lastKnownFileType = file.storyboard; path = Album.storyboard; sourceTree = "<group>"; };
		47D017DA2035001B00FFDADB /* PhotoListViewModel.swift */ = {isa = PBXFileReference; fileEncoding = 4; lastKnownFileType = sourcecode.swift; path = PhotoListViewModel.swift; sourceTree = "<group>"; };
		47D017DB2035001B00FFDADB /* PhotoCellViewModel.swift */ = {isa = PBXFileReference; fileEncoding = 4; lastKnownFileType = sourcecode.swift; path = PhotoCellViewModel.swift; sourceTree = "<group>"; };
		47D017DD2035001B00FFDADB /* PhotoListTargetType.swift */ = {isa = PBXFileReference; fileEncoding = 4; lastKnownFileType = sourcecode.swift; path = PhotoListTargetType.swift; sourceTree = "<group>"; };
		47D017DF2035001B00FFDADB /* PhotoListViewController.swift */ = {isa = PBXFileReference; fileEncoding = 4; lastKnownFileType = sourcecode.swift; path = PhotoListViewController.swift; sourceTree = "<group>"; };
		47D017E22035001B00FFDADB /* PhotoTableViewCell.swift */ = {isa = PBXFileReference; fileEncoding = 4; lastKnownFileType = sourcecode.swift; path = PhotoTableViewCell.swift; sourceTree = "<group>"; };
		47D017E32035001B00FFDADB /* Photo.storyboard */ = {isa = PBXFileReference; fileEncoding = 4; lastKnownFileType = file.storyboard; path = Photo.storyboard; sourceTree = "<group>"; };
		47D017EE203501E100FFDADB /* PhotoDetailViewController.swift */ = {isa = PBXFileReference; lastKnownFileType = sourcecode.swift; path = PhotoDetailViewController.swift; sourceTree = "<group>"; };
		47D017F0203501F900FFDADB /* PhotoDatailViewModel.swift */ = {isa = PBXFileReference; lastKnownFileType = sourcecode.swift; path = PhotoDatailViewModel.swift; sourceTree = "<group>"; };
		47D017F42035061A00FFDADB /* NibLoadable.swift */ = {isa = PBXFileReference; lastKnownFileType = sourcecode.swift; path = NibLoadable.swift; sourceTree = "<group>"; };
		47D017F62035064F00FFDADB /* ImageView+Load.swift */ = {isa = PBXFileReference; lastKnownFileType = sourcecode.swift; path = "ImageView+Load.swift"; sourceTree = "<group>"; };
		55FC4C0C5646619A12E14BD3 /* Pods-MediaMonksExerciceTests.debug.xcconfig */ = {isa = PBXFileReference; includeInIndex = 1; lastKnownFileType = text.xcconfig; name = "Pods-MediaMonksExerciceTests.debug.xcconfig"; path = "Pods/Target Support Files/Pods-MediaMonksExerciceTests/Pods-MediaMonksExerciceTests.debug.xcconfig"; sourceTree = "<group>"; };
		A3AEE6FF551442C863734F46 /* Pods_MediaMonksExerciceTests.framework */ = {isa = PBXFileReference; explicitFileType = wrapper.framework; includeInIndex = 0; path = Pods_MediaMonksExerciceTests.framework; sourceTree = BUILT_PRODUCTS_DIR; };
		B3B5BF61BBB796A38341B9B6 /* Pods-MediaMonksExerciceTests.release.xcconfig */ = {isa = PBXFileReference; includeInIndex = 1; lastKnownFileType = text.xcconfig; name = "Pods-MediaMonksExerciceTests.release.xcconfig"; path = "Pods/Target Support Files/Pods-MediaMonksExerciceTests/Pods-MediaMonksExerciceTests.release.xcconfig"; sourceTree = "<group>"; };
		F80C82189B611ADCD2EC5994 /* Pods-MediaMonksExercice.release.xcconfig */ = {isa = PBXFileReference; includeInIndex = 1; lastKnownFileType = text.xcconfig; name = "Pods-MediaMonksExercice.release.xcconfig"; path = "Pods/Target Support Files/Pods-MediaMonksExercice/Pods-MediaMonksExercice.release.xcconfig"; sourceTree = "<group>"; };
/* End PBXFileReference section */

/* Begin PBXFrameworksBuildPhase section */
		47717E9A2034AC1A00262C9F /* Frameworks */ = {
			isa = PBXFrameworksBuildPhase;
			buildActionMask = 2147483647;
			files = (
				201569BEA72311D8E8F0AFD1 /* Pods_MediaMonksExercice.framework in Frameworks */,
			);
			runOnlyForDeploymentPostprocessing = 0;
		};
		47717EAE2034AC1A00262C9F /* Frameworks */ = {
			isa = PBXFrameworksBuildPhase;
			buildActionMask = 2147483647;
			files = (
				A725992F0375DCC9EE001996 /* Pods_MediaMonksExerciceTests.framework in Frameworks */,
			);
			runOnlyForDeploymentPostprocessing = 0;
		};
/* End PBXFrameworksBuildPhase section */

/* Begin PBXGroup section */
		324DF4D7614B290039F5AE64 /* Pods */ = {
			isa = PBXGroup;
			children = (
				4135F9A8B07BF875FC25910F /* Pods-MediaMonksExercice.debug.xcconfig */,
				F80C82189B611ADCD2EC5994 /* Pods-MediaMonksExercice.release.xcconfig */,
				55FC4C0C5646619A12E14BD3 /* Pods-MediaMonksExerciceTests.debug.xcconfig */,
				B3B5BF61BBB796A38341B9B6 /* Pods-MediaMonksExerciceTests.release.xcconfig */,
			);
			name = Pods;
			sourceTree = "<group>";
		};
		472EF3452034AD9B00098B0E /* Resource */ = {
			isa = PBXGroup;
			children = (
				472EF3462034AD9B00098B0E /* Assets.xcassets */,
				472EF3472034AD9B00098B0E /* Info.plist */,
			);
			path = Resource;
			sourceTree = "<group>";
		};
		472EF3482034AD9B00098B0E /* Source */ = {
			isa = PBXGroup;
			children = (
				47D017F32035060F00FFDADB /* Protocols */,
				47D017F22035060800FFDADB /* Extensions */,
				472EF3732034C6E600098B0E /* Models */,
				472EF3492034AD9B00098B0E /* App */,
				472EF34B2034AD9B00098B0E /* Networking */,
				472EF3502034AD9B00098B0E /* Modules */,
			);
			path = Source;
			sourceTree = "<group>";
		};
		472EF3492034AD9B00098B0E /* App */ = {
			isa = PBXGroup;
			children = (
				47786501203607ED00D574D4 /* LaunchScreen.storyboard */,
				472EF34A2034AD9B00098B0E /* AppDelegate.swift */,
				472EF36D2034BAB100098B0E /* Environment.swift */,
			);
			path = App;
			sourceTree = "<group>";
		};
		472EF34B2034AD9B00098B0E /* Networking */ = {
			isa = PBXGroup;
			children = (
				472EF3672034B86800098B0E /* RequestProtocol.swift */,
				472EF3692034B89B00098B0E /* DataError.swift */,
				472EF36B2034B8BD00098B0E /* Response+MapModel.swift */,
				472EF36F2034BBC800098B0E /* TargetType+Environment.swift */,
				472EF3712034BE1200098B0E /* RequestProvider.swift */,
			);
			path = Networking;
			sourceTree = "<group>";
		};
		472EF3502034AD9B00098B0E /* Modules */ = {
			isa = PBXGroup;
			children = (
				47D017CF2035001B00FFDADB /* Album */,
				47D017D82035001B00FFDADB /* Photo */,
			);
			path = Modules;
			sourceTree = "<group>";
		};
		472EF3732034C6E600098B0E /* Models */ = {
			isa = PBXGroup;
			children = (
				472EF3742034C71700098B0E /* Album.swift */,
				472EF3762034C79F00098B0E /* Photo.swift */,
				474A9AFA2035185700080371 /* Error.swift */,
			);
			path = Models;
			sourceTree = "<group>";
		};
		47717E942034AC1A00262C9F = {
			isa = PBXGroup;
			children = (
				47717E9F2034AC1A00262C9F /* MediaMonksExercice */,
				47717EB42034AC1A00262C9F /* MediaMonksExerciceTests */,
				47717E9E2034AC1A00262C9F /* Products */,
				324DF4D7614B290039F5AE64 /* Pods */,
				DFDE2DB2BC38214675DA9473 /* Frameworks */,
			);
			sourceTree = "<group>";
		};
		47717E9E2034AC1A00262C9F /* Products */ = {
			isa = PBXGroup;
			children = (
				47717E9D2034AC1A00262C9F /* MediaMonksExercice.app */,
				47717EB12034AC1A00262C9F /* MediaMonksExerciceTests.xctest */,
			);
			name = Products;
			sourceTree = "<group>";
		};
		47717E9F2034AC1A00262C9F /* MediaMonksExercice */ = {
			isa = PBXGroup;
			children = (
				472EF3452034AD9B00098B0E /* Resource */,
				472EF3482034AD9B00098B0E /* Source */,
			);
			path = MediaMonksExercice;
			sourceTree = "<group>";
		};
		47717EB42034AC1A00262C9F /* MediaMonksExerciceTests */ = {
			isa = PBXGroup;
			children = (
				47717EB52034AC1A00262C9F /* MediaMonksExerciceTests.swift */,
				47717EB72034AC1A00262C9F /* Info.plist */,
			);
			path = MediaMonksExerciceTests;
			sourceTree = "<group>";
		};
		47D017CF2035001B00FFDADB /* Album */ = {
			isa = PBXGroup;
			children = (
				47D017D02035001B00FFDADB /* ViewModel */,
				47D017D22035001B00FFDADB /* Target */,
				47D017D42035001B00FFDADB /* Controller */,
				47D017D62035001B00FFDADB /* View */,
			);
			path = Album;
			sourceTree = "<group>";
		};
		47D017D02035001B00FFDADB /* ViewModel */ = {
			isa = PBXGroup;
			children = (
				47D017D12035001B00FFDADB /* AlbumViewModel.swift */,
			);
			path = ViewModel;
			sourceTree = "<group>";
		};
		47D017D22035001B00FFDADB /* Target */ = {
			isa = PBXGroup;
			children = (
				47D017D32035001B00FFDADB /* AlbumTargetType.swift */,
			);
			path = Target;
			sourceTree = "<group>";
		};
		47D017D42035001B00FFDADB /* Controller */ = {
			isa = PBXGroup;
			children = (
				47D017D52035001B00FFDADB /* AlbumViewController.swift */,
			);
			path = Controller;
			sourceTree = "<group>";
		};
		47D017D62035001B00FFDADB /* View */ = {
			isa = PBXGroup;
			children = (
				47D017D72035001B00FFDADB /* Album.storyboard */,
			);
			path = View;
			sourceTree = "<group>";
		};
		47D017D82035001B00FFDADB /* Photo */ = {
			isa = PBXGroup;
			children = (
				47D017D92035001B00FFDADB /* ViewModel */,
				47D017DC2035001B00FFDADB /* Target */,
				47D017DE2035001B00FFDADB /* Controller */,
				47D017E02035001B00FFDADB /* View */,
			);
			path = Photo;
			sourceTree = "<group>";
		};
		47D017D92035001B00FFDADB /* ViewModel */ = {
			isa = PBXGroup;
			children = (
				47D017DA2035001B00FFDADB /* PhotoListViewModel.swift */,
				47D017DB2035001B00FFDADB /* PhotoCellViewModel.swift */,
				47D017F0203501F900FFDADB /* PhotoDatailViewModel.swift */,
			);
			path = ViewModel;
			sourceTree = "<group>";
		};
		47D017DC2035001B00FFDADB /* Target */ = {
			isa = PBXGroup;
			children = (
				47D017DD2035001B00FFDADB /* PhotoListTargetType.swift */,
			);
			path = Target;
			sourceTree = "<group>";
		};
		47D017DE2035001B00FFDADB /* Controller */ = {
			isa = PBXGroup;
			children = (
				47D017DF2035001B00FFDADB /* PhotoListViewController.swift */,
				47D017EE203501E100FFDADB /* PhotoDetailViewController.swift */,
			);
			path = Controller;
			sourceTree = "<group>";
		};
		47D017E02035001B00FFDADB /* View */ = {
			isa = PBXGroup;
			children = (
				47D017E12035001B00FFDADB /* Cells */,
				47D017E32035001B00FFDADB /* Photo.storyboard */,
			);
			path = View;
			sourceTree = "<group>";
		};
		47D017E12035001B00FFDADB /* Cells */ = {
			isa = PBXGroup;
			children = (
				47D017E22035001B00FFDADB /* PhotoTableViewCell.swift */,
			);
			path = Cells;
			sourceTree = "<group>";
		};
		47D017F22035060800FFDADB /* Extensions */ = {
			isa = PBXGroup;
			children = (
				47D017F62035064F00FFDADB /* ImageView+Load.swift */,
			);
			path = Extensions;
			sourceTree = "<group>";
		};
		47D017F32035060F00FFDADB /* Protocols */ = {
			isa = PBXGroup;
			children = (
				47D017F42035061A00FFDADB /* NibLoadable.swift */,
			);
			path = Protocols;
			sourceTree = "<group>";
		};
		DFDE2DB2BC38214675DA9473 /* Frameworks */ = {
			isa = PBXGroup;
			children = (
				14EC7CCFC2BA8E93EE49345C /* Pods_MediaMonksExercice.framework */,
				A3AEE6FF551442C863734F46 /* Pods_MediaMonksExerciceTests.framework */,
			);
			name = Frameworks;
			sourceTree = "<group>";
		};
/* End PBXGroup section */

/* Begin PBXNativeTarget section */
		47717E9C2034AC1A00262C9F /* MediaMonksExercice */ = {
			isa = PBXNativeTarget;
			buildConfigurationList = 47717EBA2034AC1A00262C9F /* Build configuration list for PBXNativeTarget "MediaMonksExercice" */;
			buildPhases = (
				12425291E9A091E7745E2FD9 /* [CP] Check Pods Manifest.lock */,
				472EF3602034B20000098B0E /* SwiftLint */,
				47717E992034AC1A00262C9F /* Sources */,
				47717E9A2034AC1A00262C9F /* Frameworks */,
				47717E9B2034AC1A00262C9F /* Resources */,
				741BB208C19441A4CAADBA30 /* [CP] Embed Pods Frameworks */,
				9071440D25E4601730AFACD3 /* [CP] Copy Pods Resources */,
			);
			buildRules = (
			);
			dependencies = (
			);
			name = MediaMonksExercice;
			productName = MediaMonksExercice;
			productReference = 47717E9D2034AC1A00262C9F /* MediaMonksExercice.app */;
			productType = "com.apple.product-type.application";
		};
		47717EB02034AC1A00262C9F /* MediaMonksExerciceTests */ = {
			isa = PBXNativeTarget;
			buildConfigurationList = 47717EBD2034AC1A00262C9F /* Build configuration list for PBXNativeTarget "MediaMonksExerciceTests" */;
			buildPhases = (
				651FC31CF5EA41DCE2583F6F /* [CP] Check Pods Manifest.lock */,
				47717EAD2034AC1A00262C9F /* Sources */,
				47717EAE2034AC1A00262C9F /* Frameworks */,
				47717EAF2034AC1A00262C9F /* Resources */,
				37C6D84E9B5BFECD5E9EF18C /* [CP] Embed Pods Frameworks */,
				7275ECF41FE896857A54C1F6 /* [CP] Copy Pods Resources */,
			);
			buildRules = (
			);
			dependencies = (
				47717EB32034AC1A00262C9F /* PBXTargetDependency */,
			);
			name = MediaMonksExerciceTests;
			productName = MediaMonksExerciceTests;
			productReference = 47717EB12034AC1A00262C9F /* MediaMonksExerciceTests.xctest */;
			productType = "com.apple.product-type.bundle.unit-test";
		};
/* End PBXNativeTarget section */

/* Begin PBXProject section */
		47717E952034AC1A00262C9F /* Project object */ = {
			isa = PBXProject;
			attributes = {
				LastSwiftUpdateCheck = 0920;
				LastUpgradeCheck = 0920;
				ORGANIZATIONNAME = "Andre Vieira";
				TargetAttributes = {
					47717E9C2034AC1A00262C9F = {
						CreatedOnToolsVersion = 9.2;
						ProvisioningStyle = Automatic;
					};
					47717EB02034AC1A00262C9F = {
						CreatedOnToolsVersion = 9.2;
						ProvisioningStyle = Automatic;
						TestTargetID = 47717E9C2034AC1A00262C9F;
					};
				};
			};
			buildConfigurationList = 47717E982034AC1A00262C9F /* Build configuration list for PBXProject "MediaMonksExercice" */;
			compatibilityVersion = "Xcode 8.0";
			developmentRegion = en;
			hasScannedForEncodings = 0;
			knownRegions = (
				en,
				Base,
			);
			mainGroup = 47717E942034AC1A00262C9F;
			productRefGroup = 47717E9E2034AC1A00262C9F /* Products */;
			projectDirPath = "";
			projectRoot = "";
			targets = (
				47717E9C2034AC1A00262C9F /* MediaMonksExercice */,
				47717EB02034AC1A00262C9F /* MediaMonksExerciceTests */,
			);
		};
/* End PBXProject section */

/* Begin PBXResourcesBuildPhase section */
		47717E9B2034AC1A00262C9F /* Resources */ = {
			isa = PBXResourcesBuildPhase;
			buildActionMask = 2147483647;
			files = (
				47D017E72035001B00FFDADB /* Album.storyboard in Resources */,
				47786503203607ED00D574D4 /* LaunchScreen.storyboard in Resources */,
				47D017ED2035001B00FFDADB /* Photo.storyboard in Resources */,
				472EF35A2034AD9B00098B0E /* Assets.xcassets in Resources */,
			);
			runOnlyForDeploymentPostprocessing = 0;
		};
		47717EAF2034AC1A00262C9F /* Resources */ = {
			isa = PBXResourcesBuildPhase;
			buildActionMask = 2147483647;
			files = (
			);
			runOnlyForDeploymentPostprocessing = 0;
		};
/* End PBXResourcesBuildPhase section */

/* Begin PBXShellScriptBuildPhase section */
		12425291E9A091E7745E2FD9 /* [CP] Check Pods Manifest.lock */ = {
			isa = PBXShellScriptBuildPhase;
			buildActionMask = 2147483647;
			files = (
			);
			inputPaths = (
				"${PODS_PODFILE_DIR_PATH}/Podfile.lock",
				"${PODS_ROOT}/Manifest.lock",
			);
			name = "[CP] Check Pods Manifest.lock";
			outputPaths = (
				"$(DERIVED_FILE_DIR)/Pods-MediaMonksExercice-checkManifestLockResult.txt",
			);
			runOnlyForDeploymentPostprocessing = 0;
			shellPath = /bin/sh;
			shellScript = "diff \"${PODS_PODFILE_DIR_PATH}/Podfile.lock\" \"${PODS_ROOT}/Manifest.lock\" > /dev/null\nif [ $? != 0 ] ; then\n    # print error to STDERR\n    echo \"error: The sandbox is not in sync with the Podfile.lock. Run 'pod install' or update your CocoaPods installation.\" >&2\n    exit 1\nfi\n# This output is used by Xcode 'outputs' to avoid re-running this script phase.\necho \"SUCCESS\" > \"${SCRIPT_OUTPUT_FILE_0}\"\n";
			showEnvVarsInLog = 0;
		};
		37C6D84E9B5BFECD5E9EF18C /* [CP] Embed Pods Frameworks */ = {
			isa = PBXShellScriptBuildPhase;
			buildActionMask = 2147483647;
			files = (
			);
			inputPaths = (
			);
			name = "[CP] Embed Pods Frameworks";
			outputPaths = (
			);
			runOnlyForDeploymentPostprocessing = 0;
			shellPath = /bin/sh;
			shellScript = "\"${SRCROOT}/Pods/Target Support Files/Pods-MediaMonksExerciceTests/Pods-MediaMonksExerciceTests-frameworks.sh\"\n";
			showEnvVarsInLog = 0;
		};
		472EF3602034B20000098B0E /* SwiftLint */ = {
			isa = PBXShellScriptBuildPhase;
			buildActionMask = 2147483647;
			files = (
			);
			inputPaths = (
			);
			name = SwiftLint;
			outputPaths = (
			);
			runOnlyForDeploymentPostprocessing = 0;
			shellPath = /bin/sh;
			shellScript = "\"${PODS_ROOT}/SwiftLint/swiftlint\"";
		};
		651FC31CF5EA41DCE2583F6F /* [CP] Check Pods Manifest.lock */ = {
			isa = PBXShellScriptBuildPhase;
			buildActionMask = 2147483647;
			files = (
			);
			inputPaths = (
				"${PODS_PODFILE_DIR_PATH}/Podfile.lock",
				"${PODS_ROOT}/Manifest.lock",
			);
			name = "[CP] Check Pods Manifest.lock";
			outputPaths = (
				"$(DERIVED_FILE_DIR)/Pods-MediaMonksExerciceTests-checkManifestLockResult.txt",
			);
			runOnlyForDeploymentPostprocessing = 0;
			shellPath = /bin/sh;
			shellScript = "diff \"${PODS_PODFILE_DIR_PATH}/Podfile.lock\" \"${PODS_ROOT}/Manifest.lock\" > /dev/null\nif [ $? != 0 ] ; then\n    # print error to STDERR\n    echo \"error: The sandbox is not in sync with the Podfile.lock. Run 'pod install' or update your CocoaPods installation.\" >&2\n    exit 1\nfi\n# This output is used by Xcode 'outputs' to avoid re-running this script phase.\necho \"SUCCESS\" > \"${SCRIPT_OUTPUT_FILE_0}\"\n";
			showEnvVarsInLog = 0;
		};
		7275ECF41FE896857A54C1F6 /* [CP] Copy Pods Resources */ = {
			isa = PBXShellScriptBuildPhase;
			buildActionMask = 2147483647;
			files = (
			);
			inputPaths = (
			);
			name = "[CP] Copy Pods Resources";
			outputPaths = (
			);
			runOnlyForDeploymentPostprocessing = 0;
			shellPath = /bin/sh;
			shellScript = "\"${SRCROOT}/Pods/Target Support Files/Pods-MediaMonksExerciceTests/Pods-MediaMonksExerciceTests-resources.sh\"\n";
			showEnvVarsInLog = 0;
		};
		741BB208C19441A4CAADBA30 /* [CP] Embed Pods Frameworks */ = {
			isa = PBXShellScriptBuildPhase;
			buildActionMask = 2147483647;
			files = (
			);
			inputPaths = (
				"${SRCROOT}/Pods/Target Support Files/Pods-MediaMonksExercice/Pods-MediaMonksExercice-frameworks.sh",
				"${BUILT_PRODUCTS_DIR}/Alamofire/Alamofire.framework",
				"${BUILT_PRODUCTS_DIR}/Kingfisher/Kingfisher.framework",
				"${BUILT_PRODUCTS_DIR}/ModelMapper/Mapper.framework",
				"${BUILT_PRODUCTS_DIR}/Moya/Moya.framework",
				"${BUILT_PRODUCTS_DIR}/Result/Result.framework",
				"${BUILT_PRODUCTS_DIR}/RxCocoa/RxCocoa.framework",
				"${BUILT_PRODUCTS_DIR}/RxSwift/RxSwift.framework",
				"${BUILT_PRODUCTS_DIR}/SDCAlertView/SDCAlertView.framework",
			);
			name = "[CP] Embed Pods Frameworks";
			outputPaths = (
				"${TARGET_BUILD_DIR}/${FRAMEWORKS_FOLDER_PATH}/Alamofire.framework",
				"${TARGET_BUILD_DIR}/${FRAMEWORKS_FOLDER_PATH}/Kingfisher.framework",
				"${TARGET_BUILD_DIR}/${FRAMEWORKS_FOLDER_PATH}/Mapper.framework",
				"${TARGET_BUILD_DIR}/${FRAMEWORKS_FOLDER_PATH}/Moya.framework",
				"${TARGET_BUILD_DIR}/${FRAMEWORKS_FOLDER_PATH}/Result.framework",
				"${TARGET_BUILD_DIR}/${FRAMEWORKS_FOLDER_PATH}/RxCocoa.framework",
				"${TARGET_BUILD_DIR}/${FRAMEWORKS_FOLDER_PATH}/RxSwift.framework",
				"${TARGET_BUILD_DIR}/${FRAMEWORKS_FOLDER_PATH}/SDCAlertView.framework",
			);
			runOnlyForDeploymentPostprocessing = 0;
			shellPath = /bin/sh;
			shellScript = "\"${SRCROOT}/Pods/Target Support Files/Pods-MediaMonksExercice/Pods-MediaMonksExercice-frameworks.sh\"\n";
			showEnvVarsInLog = 0;
		};
		9071440D25E4601730AFACD3 /* [CP] Copy Pods Resources */ = {
			isa = PBXShellScriptBuildPhase;
			buildActionMask = 2147483647;
			files = (
			);
			inputPaths = (
			);
			name = "[CP] Copy Pods Resources";
			outputPaths = (
			);
			runOnlyForDeploymentPostprocessing = 0;
			shellPath = /bin/sh;
			shellScript = "\"${SRCROOT}/Pods/Target Support Files/Pods-MediaMonksExercice/Pods-MediaMonksExercice-resources.sh\"\n";
			showEnvVarsInLog = 0;
		};
/* End PBXShellScriptBuildPhase section */

/* Begin PBXSourcesBuildPhase section */
		47717E992034AC1A00262C9F /* Sources */ = {
			isa = PBXSourcesBuildPhase;
			buildActionMask = 2147483647;
			files = (
				47D017E82035001B00FFDADB /* PhotoListViewModel.swift in Sources */,
				47D017E92035001B00FFDADB /* PhotoCellViewModel.swift in Sources */,
				47D017E62035001B00FFDADB /* AlbumViewController.swift in Sources */,
				472EF3682034B86800098B0E /* RequestProtocol.swift in Sources */,
				47D017EA2035001B00FFDADB /* PhotoListTargetType.swift in Sources */,
				472EF36E2034BAB100098B0E /* Environment.swift in Sources */,
				47D017EF203501E100FFDADB /* PhotoDetailViewController.swift in Sources */,
				47D017F72035064F00FFDADB /* ImageView+Load.swift in Sources */,
				472EF36C2034B8BD00098B0E /* Response+MapModel.swift in Sources */,
				472EF3702034BBC800098B0E /* TargetType+Environment.swift in Sources */,
				472EF3772034C79F00098B0E /* Photo.swift in Sources */,
				472EF3722034BE1200098B0E /* RequestProvider.swift in Sources */,
				47D017EC2035001B00FFDADB /* PhotoTableViewCell.swift in Sources */,
				47D017F1203501F900FFDADB /* PhotoDatailViewModel.swift in Sources */,
				474A9AFB2035185700080371 /* Error.swift in Sources */,
				47D017F52035061A00FFDADB /* NibLoadable.swift in Sources */,
				472EF3752034C71700098B0E /* Album.swift in Sources */,
				472EF36A2034B89B00098B0E /* DataError.swift in Sources */,
				47D017E52035001B00FFDADB /* AlbumTargetType.swift in Sources */,
				47D017EB2035001B00FFDADB /* PhotoListViewController.swift in Sources */,
				47D017E42035001B00FFDADB /* AlbumViewModel.swift in Sources */,
				472EF35C2034AD9B00098B0E /* AppDelegate.swift in Sources */,
			);
			runOnlyForDeploymentPostprocessing = 0;
		};
		47717EAD2034AC1A00262C9F /* Sources */ = {
			isa = PBXSourcesBuildPhase;
			buildActionMask = 2147483647;
			files = (
				47717EB62034AC1A00262C9F /* MediaMonksExerciceTests.swift in Sources */,
			);
			runOnlyForDeploymentPostprocessing = 0;
		};
/* End PBXSourcesBuildPhase section */

/* Begin PBXTargetDependency section */
		47717EB32034AC1A00262C9F /* PBXTargetDependency */ = {
			isa = PBXTargetDependency;
			target = 47717E9C2034AC1A00262C9F /* MediaMonksExercice */;
			targetProxy = 47717EB22034AC1A00262C9F /* PBXContainerItemProxy */;
		};
/* End PBXTargetDependency section */

/* Begin PBXVariantGroup section */
		47786501203607ED00D574D4 /* LaunchScreen.storyboard */ = {
			isa = PBXVariantGroup;
			children = (
				47786502203607ED00D574D4 /* Base */,
			);
			name = LaunchScreen.storyboard;
			sourceTree = "<group>";
		};
/* End PBXVariantGroup section */

/* Begin XCBuildConfiguration section */
		47717EB82034AC1A00262C9F /* Debug */ = {
			isa = XCBuildConfiguration;
			buildSettings = {
				ALWAYS_SEARCH_USER_PATHS = NO;
				CLANG_ANALYZER_NONNULL = YES;
				CLANG_ANALYZER_NUMBER_OBJECT_CONVERSION = YES_AGGRESSIVE;
				CLANG_CXX_LANGUAGE_STANDARD = "gnu++14";
				CLANG_CXX_LIBRARY = "libc++";
				CLANG_ENABLE_MODULES = YES;
				CLANG_ENABLE_OBJC_ARC = YES;
				CLANG_WARN_BLOCK_CAPTURE_AUTORELEASING = YES;
				CLANG_WARN_BOOL_CONVERSION = YES;
				CLANG_WARN_COMMA = YES;
				CLANG_WARN_CONSTANT_CONVERSION = YES;
				CLANG_WARN_DIRECT_OBJC_ISA_USAGE = YES_ERROR;
				CLANG_WARN_DOCUMENTATION_COMMENTS = YES;
				CLANG_WARN_EMPTY_BODY = YES;
				CLANG_WARN_ENUM_CONVERSION = YES;
				CLANG_WARN_INFINITE_RECURSION = YES;
				CLANG_WARN_INT_CONVERSION = YES;
				CLANG_WARN_NON_LITERAL_NULL_CONVERSION = YES;
				CLANG_WARN_OBJC_LITERAL_CONVERSION = YES;
				CLANG_WARN_OBJC_ROOT_CLASS = YES_ERROR;
				CLANG_WARN_RANGE_LOOP_ANALYSIS = YES;
				CLANG_WARN_STRICT_PROTOTYPES = YES;
				CLANG_WARN_SUSPICIOUS_MOVE = YES;
				CLANG_WARN_UNGUARDED_AVAILABILITY = YES_AGGRESSIVE;
				CLANG_WARN_UNREACHABLE_CODE = YES;
				CLANG_WARN__DUPLICATE_METHOD_MATCH = YES;
				CODE_SIGN_IDENTITY = "iPhone Developer";
				COPY_PHASE_STRIP = NO;
				DEBUG_INFORMATION_FORMAT = dwarf;
				ENABLE_STRICT_OBJC_MSGSEND = YES;
				ENABLE_TESTABILITY = YES;
				GCC_C_LANGUAGE_STANDARD = gnu11;
				GCC_DYNAMIC_NO_PIC = NO;
				GCC_NO_COMMON_BLOCKS = YES;
				GCC_OPTIMIZATION_LEVEL = 0;
				GCC_PREPROCESSOR_DEFINITIONS = (
					"DEBUG=1",
					"$(inherited)",
				);
				GCC_WARN_64_TO_32_BIT_CONVERSION = YES;
				GCC_WARN_ABOUT_RETURN_TYPE = YES_ERROR;
				GCC_WARN_UNDECLARED_SELECTOR = YES;
				GCC_WARN_UNINITIALIZED_AUTOS = YES_AGGRESSIVE;
				GCC_WARN_UNUSED_FUNCTION = YES;
				GCC_WARN_UNUSED_VARIABLE = YES;
				IPHONEOS_DEPLOYMENT_TARGET = 11.2;
				MTL_ENABLE_DEBUG_INFO = YES;
				ONLY_ACTIVE_ARCH = YES;
				SDKROOT = iphoneos;
				SWIFT_ACTIVE_COMPILATION_CONDITIONS = DEBUG;
				SWIFT_OPTIMIZATION_LEVEL = "-Onone";
			};
			name = Debug;
		};
		47717EB92034AC1A00262C9F /* Release */ = {
			isa = XCBuildConfiguration;
			buildSettings = {
				ALWAYS_SEARCH_USER_PATHS = NO;
				CLANG_ANALYZER_NONNULL = YES;
				CLANG_ANALYZER_NUMBER_OBJECT_CONVERSION = YES_AGGRESSIVE;
				CLANG_CXX_LANGUAGE_STANDARD = "gnu++14";
				CLANG_CXX_LIBRARY = "libc++";
				CLANG_ENABLE_MODULES = YES;
				CLANG_ENABLE_OBJC_ARC = YES;
				CLANG_WARN_BLOCK_CAPTURE_AUTORELEASING = YES;
				CLANG_WARN_BOOL_CONVERSION = YES;
				CLANG_WARN_COMMA = YES;
				CLANG_WARN_CONSTANT_CONVERSION = YES;
				CLANG_WARN_DIRECT_OBJC_ISA_USAGE = YES_ERROR;
				CLANG_WARN_DOCUMENTATION_COMMENTS = YES;
				CLANG_WARN_EMPTY_BODY = YES;
				CLANG_WARN_ENUM_CONVERSION = YES;
				CLANG_WARN_INFINITE_RECURSION = YES;
				CLANG_WARN_INT_CONVERSION = YES;
				CLANG_WARN_NON_LITERAL_NULL_CONVERSION = YES;
				CLANG_WARN_OBJC_LITERAL_CONVERSION = YES;
				CLANG_WARN_OBJC_ROOT_CLASS = YES_ERROR;
				CLANG_WARN_RANGE_LOOP_ANALYSIS = YES;
				CLANG_WARN_STRICT_PROTOTYPES = YES;
				CLANG_WARN_SUSPICIOUS_MOVE = YES;
				CLANG_WARN_UNGUARDED_AVAILABILITY = YES_AGGRESSIVE;
				CLANG_WARN_UNREACHABLE_CODE = YES;
				CLANG_WARN__DUPLICATE_METHOD_MATCH = YES;
				CODE_SIGN_IDENTITY = "iPhone Developer";
				COPY_PHASE_STRIP = NO;
				DEBUG_INFORMATION_FORMAT = "dwarf-with-dsym";
				ENABLE_NS_ASSERTIONS = NO;
				ENABLE_STRICT_OBJC_MSGSEND = YES;
				GCC_C_LANGUAGE_STANDARD = gnu11;
				GCC_NO_COMMON_BLOCKS = YES;
				GCC_WARN_64_TO_32_BIT_CONVERSION = YES;
				GCC_WARN_ABOUT_RETURN_TYPE = YES_ERROR;
				GCC_WARN_UNDECLARED_SELECTOR = YES;
				GCC_WARN_UNINITIALIZED_AUTOS = YES_AGGRESSIVE;
				GCC_WARN_UNUSED_FUNCTION = YES;
				GCC_WARN_UNUSED_VARIABLE = YES;
				IPHONEOS_DEPLOYMENT_TARGET = 11.2;
				MTL_ENABLE_DEBUG_INFO = NO;
				SDKROOT = iphoneos;
				SWIFT_OPTIMIZATION_LEVEL = "-Owholemodule";
				VALIDATE_PRODUCT = YES;
			};
			name = Release;
		};
		47717EBB2034AC1A00262C9F /* Debug */ = {
			isa = XCBuildConfiguration;
			baseConfigurationReference = 4135F9A8B07BF875FC25910F /* Pods-MediaMonksExercice.debug.xcconfig */;
			buildSettings = {
				ASSETCATALOG_COMPILER_APPICON_NAME = AppIcon;
				BASE_URL = "https://jsonplaceholder.typicode.com/";
				CODE_SIGN_STYLE = Automatic;
				DEVELOPMENT_TEAM = GMH73LA6AA;
				INFOPLIST_FILE = MediaMonksExercice/Resource/Info.plist;
				LD_RUNPATH_SEARCH_PATHS = "$(inherited) @executable_path/Frameworks";
				PRODUCT_BUNDLE_IDENTIFIER = com.andreVieira.MediaMonksExercice;
				PRODUCT_NAME = "$(TARGET_NAME)";
				SWIFT_VERSION = 4.0;
				TARGETED_DEVICE_FAMILY = "1,2";
			};
			name = Debug;
		};
		47717EBC2034AC1A00262C9F /* Release */ = {
			isa = XCBuildConfiguration;
			baseConfigurationReference = F80C82189B611ADCD2EC5994 /* Pods-MediaMonksExercice.release.xcconfig */;
			buildSettings = {
				ASSETCATALOG_COMPILER_APPICON_NAME = AppIcon;
				BASE_URL = "https://jsonplaceholder.typicode.com/";
				CODE_SIGN_STYLE = Automatic;
				DEVELOPMENT_TEAM = GMH73LA6AA;
				INFOPLIST_FILE = MediaMonksExercice/Resource/Info.plist;
				LD_RUNPATH_SEARCH_PATHS = "$(inherited) @executable_path/Frameworks";
				PRODUCT_BUNDLE_IDENTIFIER = com.andreVieira.MediaMonksExercice;
				PRODUCT_NAME = "$(TARGET_NAME)";
				SWIFT_VERSION = 4.0;
				TARGETED_DEVICE_FAMILY = "1,2";
			};
			name = Release;
		};
		47717EBE2034AC1A00262C9F /* Debug */ = {
			isa = XCBuildConfiguration;
			baseConfigurationReference = 55FC4C0C5646619A12E14BD3 /* Pods-MediaMonksExerciceTests.debug.xcconfig */;
			buildSettings = {
				ALWAYS_EMBED_SWIFT_STANDARD_LIBRARIES = YES;
				BUNDLE_LOADER = "$(TEST_HOST)";
				CODE_SIGN_STYLE = Automatic;
				DEVELOPMENT_TEAM = GMH73LA6AA;
				INFOPLIST_FILE = MediaMonksExerciceTests/Info.plist;
				LD_RUNPATH_SEARCH_PATHS = "$(inherited) @executable_path/Frameworks @loader_path/Frameworks";
				PRODUCT_BUNDLE_IDENTIFIER = com.andreVieira.MediaMonksExerciceTests;
				PRODUCT_NAME = "$(TARGET_NAME)";
				SWIFT_VERSION = 4.0;
				TARGETED_DEVICE_FAMILY = "1,2";
				TEST_HOST = "$(BUILT_PRODUCTS_DIR)/MediaMonksExercice.app/MediaMonksExercice";
			};
			name = Debug;
		};
		47717EBF2034AC1A00262C9F /* Release */ = {
			isa = XCBuildConfiguration;
			baseConfigurationReference = B3B5BF61BBB796A38341B9B6 /* Pods-MediaMonksExerciceTests.release.xcconfig */;
			buildSettings = {
				ALWAYS_EMBED_SWIFT_STANDARD_LIBRARIES = YES;
				BUNDLE_LOADER = "$(TEST_HOST)";
				CODE_SIGN_STYLE = Automatic;
				DEVELOPMENT_TEAM = GMH73LA6AA;
				INFOPLIST_FILE = MediaMonksExerciceTests/Info.plist;
				LD_RUNPATH_SEARCH_PATHS = "$(inherited) @executable_path/Frameworks @loader_path/Frameworks";
				PRODUCT_BUNDLE_IDENTIFIER = com.andreVieira.MediaMonksExerciceTests;
				PRODUCT_NAME = "$(TARGET_NAME)";
				SWIFT_VERSION = 4.0;
				TARGETED_DEVICE_FAMILY = "1,2";
				TEST_HOST = "$(BUILT_PRODUCTS_DIR)/MediaMonksExercice.app/MediaMonksExercice";
			};
			name = Release;
		};
/* End XCBuildConfiguration section */

/* Begin XCConfigurationList section */
		47717E982034AC1A00262C9F /* Build configuration list for PBXProject "MediaMonksExercice" */ = {
			isa = XCConfigurationList;
			buildConfigurations = (
				47717EB82034AC1A00262C9F /* Debug */,
				47717EB92034AC1A00262C9F /* Release */,
			);
			defaultConfigurationIsVisible = 0;
			defaultConfigurationName = Release;
		};
		47717EBA2034AC1A00262C9F /* Build configuration list for PBXNativeTarget "MediaMonksExercice" */ = {
			isa = XCConfigurationList;
			buildConfigurations = (
				47717EBB2034AC1A00262C9F /* Debug */,
				47717EBC2034AC1A00262C9F /* Release */,
			);
			defaultConfigurationIsVisible = 0;
			defaultConfigurationName = Release;
		};
		47717EBD2034AC1A00262C9F /* Build configuration list for PBXNativeTarget "MediaMonksExerciceTests" */ = {
			isa = XCConfigurationList;
			buildConfigurations = (
				47717EBE2034AC1A00262C9F /* Debug */,
				47717EBF2034AC1A00262C9F /* Release */,
			);
			defaultConfigurationIsVisible = 0;
			defaultConfigurationName = Release;
		};
/* End XCConfigurationList section */
	};
	rootObject = 47717E952034AC1A00262C9F /* Project object */;
}
